
Microsoft Visual Studio Solution File, Format Version 12.00
# Visual Studio Version 17
VisualStudioVersion = 17.5.002.0
MinimumVisualStudioVersion = 10.0.40219.1
Project("{9A19103F-16F7-4668-BE54-9A1E7A4F7556}") = "ContosoPizza", "ContosoPizza.csproj", "{A24B521B-42DA-4595-BC41-2D94ECC9FF77}"
EndProject
Global
	GlobalSection(SolutionConfigurationPlatforms) = preSolution
		Debug|Any CPU = Debug|Any CPU
		Release|Any CPU = Release|Any CPU
	EndGlobalSection
	GlobalSection(ProjectConfigurationPlatforms) = postSolution
		{A24B521B-42DA-4595-BC41-2D94ECC9FF77}.Debug|Any CPU.ActiveCfg = Debug|Any CPU
		{A24B521B-42DA-4595-BC41-2D94ECC9FF77}.Debug|Any CPU.Build.0 = Debug|Any CPU
		{A24B521B-42DA-4595-BC41-2D94ECC9FF77}.Release|Any CPU.ActiveCfg = Release|Any CPU
		{A24B521B-42DA-4595-BC41-2D94ECC9FF77}.Release|Any CPU.Build.0 = Release|Any CPU
	EndGlobalSection
	GlobalSection(SolutionProperties) = preSolution
		HideSolutionNode = FALSE
	EndGlobalSection
	GlobalSection(ExtensibilityGlobals) = postSolution
		SolutionGuid = {46FFD930-BE0C-405E-B285-E3D5FE70F05C}
	EndGlobalSection
EndGlobal
